
Microsoft Visual Studio Solution File, Format Version 12.00
Project("{FAE04EC0-301F-11D3-BF4B-00C04F79EFBC}") = "BotBattle.Engine", "BotBattle.Engine\BotBattle.Engine.csproj", "{39090ACC-D0C2-4F5D-A07C-DA533B973E30}"
EndProject
Project("{FAE04EC0-301F-11D3-BF4B-00C04F79EFBC}") = "BotBattle.Api", "BotBattle.Api\BotBattle.Api.csproj", "{78E8A342-0B10-401C-A49C-D814D7BAA1CB}"
EndProject
Project("{FAE04EC0-301F-11D3-BF4B-00C04F79EFBC}") = "BotBattle.LobbyServer", "BotBattle.LobbyServer\BotBattle.LobbyServer.csproj", "{A886849F-9694-4A3B-8A82-E35D55D3DC9F}"
EndProject
Project("{FAE04EC0-301F-11D3-BF4B-00C04F79EFBC}") = "BotBattle.Tests", "BotBattle.Tests\BotBattle.Tests.csproj", "{A21DA98C-945E-49FC-A9D4-C9E03C8CAB04}"
EndProject
Project("{FAE04EC0-301F-11D3-BF4B-00C04F79EFBC}") = "BotBattle.Garnet", "BotBattle.Garnet\BotBattle.Garnet.csproj", "{AC972248-1965-49CD-B2A9-82C149110C90}"
EndProject
Project("{FAE04EC0-301F-11D3-BF4B-00C04F79EFBC}") = "BotBattle.Benchmark", "BotBattle.Benchmark\BotBattle.Benchmark.csproj", "{9B2E27CA-FB1E-4827-93B7-32653A244C2E}"
EndProject
Project("{FAE04EC0-301F-11D3-BF4B-00C04F79EFBC}") = "BotBattle.Core", "BotBattle.Core\BotBattle.Core.csproj", "{58A7BE41-F0F2-469E-8B79-382049636A25}"
EndProject
Project("{2150E333-8FDC-42A3-9474-1A3956D46DE8}") = "Agent", "Agent", "{AB5BF27D-5347-4C7E-AFBE-80ED553AB780}"
EndProject
Project("{FAE04EC0-301F-11D3-BF4B-00C04F79EFBC}") = "BotBattle.AgentLib", "Agent\BotBattle.AgentLib\BotBattle.AgentLib.csproj", "{799E16A7-A51F-42D3-9A05-A804DDD68725}"
EndProject
Project("{FAE04EC0-301F-11D3-BF4B-00C04F79EFBC}") = "BotBattle.AgentRunner", "Agent\BotBattle.AgentRunner\BotBattle.AgentRunner.csproj", "{EA09632C-EBDB-4223-B850-D1D66DE91FE5}"
EndProject
Project("{FAE04EC0-301F-11D3-BF4B-00C04F79EFBC}") = "BotBattle.Agent.Default", "Agent\BotBattle.Agent.Default\BotBattle.Agent.Default.csproj", "{E3EBCD4A-2CAA-4DC2-8700-2B5785AC0FD7}"
EndProject
Global
	GlobalSection(SolutionConfigurationPlatforms) = preSolution
		Debug|Any CPU = Debug|Any CPU
		Release|Any CPU = Release|Any CPU
	EndGlobalSection
	GlobalSection(ProjectConfigurationPlatforms) = postSolution
		{39090ACC-D0C2-4F5D-A07C-DA533B973E30}.Debug|Any CPU.ActiveCfg = Debug|Any CPU
		{39090ACC-D0C2-4F5D-A07C-DA533B973E30}.Debug|Any CPU.Build.0 = Debug|Any CPU
		{39090ACC-D0C2-4F5D-A07C-DA533B973E30}.Release|Any CPU.ActiveCfg = Release|Any CPU
		{39090ACC-D0C2-4F5D-A07C-DA533B973E30}.Release|Any CPU.Build.0 = Release|Any CPU
		{78E8A342-0B10-401C-A49C-D814D7BAA1CB}.Debug|Any CPU.ActiveCfg = Debug|Any CPU
		{78E8A342-0B10-401C-A49C-D814D7BAA1CB}.Debug|Any CPU.Build.0 = Debug|Any CPU
		{78E8A342-0B10-401C-A49C-D814D7BAA1CB}.Release|Any CPU.ActiveCfg = Release|Any CPU
		{78E8A342-0B10-401C-A49C-D814D7BAA1CB}.Release|Any CPU.Build.0 = Release|Any CPU
		{A886849F-9694-4A3B-8A82-E35D55D3DC9F}.Debug|Any CPU.ActiveCfg = Debug|Any CPU
		{A886849F-9694-4A3B-8A82-E35D55D3DC9F}.Debug|Any CPU.Build.0 = Debug|Any CPU
		{A886849F-9694-4A3B-8A82-E35D55D3DC9F}.Release|Any CPU.ActiveCfg = Release|Any CPU
		{A886849F-9694-4A3B-8A82-E35D55D3DC9F}.Release|Any CPU.Build.0 = Release|Any CPU
		{A21DA98C-945E-49FC-A9D4-C9E03C8CAB04}.Debug|Any CPU.ActiveCfg = Debug|Any CPU
		{A21DA98C-945E-49FC-A9D4-C9E03C8CAB04}.Debug|Any CPU.Build.0 = Debug|Any CPU
		{A21DA98C-945E-49FC-A9D4-C9E03C8CAB04}.Release|Any CPU.ActiveCfg = Release|Any CPU
		{A21DA98C-945E-49FC-A9D4-C9E03C8CAB04}.Release|Any CPU.Build.0 = Release|Any CPU
		{AC972248-1965-49CD-B2A9-82C149110C90}.Debug|Any CPU.ActiveCfg = Debug|Any CPU
		{AC972248-1965-49CD-B2A9-82C149110C90}.Debug|Any CPU.Build.0 = Debug|Any CPU
		{AC972248-1965-49CD-B2A9-82C149110C90}.Release|Any CPU.ActiveCfg = Release|Any CPU
		{AC972248-1965-49CD-B2A9-82C149110C90}.Release|Any CPU.Build.0 = Release|Any CPU
		{9B2E27CA-FB1E-4827-93B7-32653A244C2E}.Debug|Any CPU.ActiveCfg = Debug|Any CPU
		{9B2E27CA-FB1E-4827-93B7-32653A244C2E}.Debug|Any CPU.Build.0 = Debug|Any CPU
		{9B2E27CA-FB1E-4827-93B7-32653A244C2E}.Release|Any CPU.ActiveCfg = Release|Any CPU
		{9B2E27CA-FB1E-4827-93B7-32653A244C2E}.Release|Any CPU.Build.0 = Release|Any CPU
		{58A7BE41-F0F2-469E-8B79-382049636A25}.Debug|Any CPU.ActiveCfg = Debug|Any CPU
		{58A7BE41-F0F2-469E-8B79-382049636A25}.Debug|Any CPU.Build.0 = Debug|Any CPU
		{58A7BE41-F0F2-469E-8B79-382049636A25}.Release|Any CPU.ActiveCfg = Release|Any CPU
		{58A7BE41-F0F2-469E-8B79-382049636A25}.Release|Any CPU.Build.0 = Release|Any CPU
		{799E16A7-A51F-42D3-9A05-A804DDD68725}.Debug|Any CPU.ActiveCfg = Debug|Any CPU
		{799E16A7-A51F-42D3-9A05-A804DDD68725}.Debug|Any CPU.Build.0 = Debug|Any CPU
		{799E16A7-A51F-42D3-9A05-A804DDD68725}.Release|Any CPU.ActiveCfg = Release|Any CPU
		{799E16A7-A51F-42D3-9A05-A804DDD68725}.Release|Any CPU.Build.0 = Release|Any CPU
		{EA09632C-EBDB-4223-B850-D1D66DE91FE5}.Debug|Any CPU.ActiveCfg = Debug|Any CPU
		{EA09632C-EBDB-4223-B850-D1D66DE91FE5}.Debug|Any CPU.Build.0 = Debug|Any CPU
		{EA09632C-EBDB-4223-B850-D1D66DE91FE5}.Release|Any CPU.ActiveCfg = Release|Any CPU
		{EA09632C-EBDB-4223-B850-D1D66DE91FE5}.Release|Any CPU.Build.0 = Release|Any CPU
		{E3EBCD4A-2CAA-4DC2-8700-2B5785AC0FD7}.Debug|Any CPU.ActiveCfg = Debug|Any CPU
		{E3EBCD4A-2CAA-4DC2-8700-2B5785AC0FD7}.Debug|Any CPU.Build.0 = Debug|Any CPU
		{E3EBCD4A-2CAA-4DC2-8700-2B5785AC0FD7}.Release|Any CPU.ActiveCfg = Release|Any CPU
		{E3EBCD4A-2CAA-4DC2-8700-2B5785AC0FD7}.Release|Any CPU.Build.0 = Release|Any CPU
	EndGlobalSection
	GlobalSection(NestedProjects) = preSolution
		{799E16A7-A51F-42D3-9A05-A804DDD68725} = {AB5BF27D-5347-4C7E-AFBE-80ED553AB780}
		{EA09632C-EBDB-4223-B850-D1D66DE91FE5} = {AB5BF27D-5347-4C7E-AFBE-80ED553AB780}
		{E3EBCD4A-2CAA-4DC2-8700-2B5785AC0FD7} = {AB5BF27D-5347-4C7E-AFBE-80ED553AB780}
	EndGlobalSection
EndGlobal
