
Microsoft Visual Studio Solution File, Format Version 12.00
Project("{FAE04EC0-301F-11D3-BF4B-00C04F79EFBC}") = "BotBattle.Agent", "BotBattle.Agent\BotBattle.Agent.csproj", "{3EF8BE00-00EB-46D0-B639-9315B1305949}"
EndProject
Global
	GlobalSection(SolutionConfigurationPlatforms) = preSolution
		Debug|Any CPU = Debug|Any CPU
		Release|Any CPU = Release|Any CPU
	EndGlobalSection
	GlobalSection(ProjectConfigurationPlatforms) = postSolution
		{3EF8BE00-00EB-46D0-B639-9315B1305949}.Debug|Any CPU.ActiveCfg = Debug|Any CPU
		{3EF8BE00-00EB-46D0-B639-9315B1305949}.Debug|Any CPU.Build.0 = Debug|Any CPU
		{3EF8BE00-00EB-46D0-B639-9315B1305949}.Release|Any CPU.ActiveCfg = Release|Any CPU
		{3EF8BE00-00EB-46D0-B639-9315B1305949}.Release|Any CPU.Build.0 = Release|Any CPU
	EndGlobalSection
EndGlobal
